
Microsoft Visual Studio Solution File, Format Version 12.00
# Visual Studio Version 17
VisualStudioVersion = 17.14.36414.22 d17.14
MinimumVisualStudioVersion = 10.0.40219.1
Project("{FAE04EC0-301F-11D3-BF4B-00C04F79EFBC}") = "LiberarySystem", "LiberarySystem\LiberarySystem.csproj", "{7B4F9286-8E38-4065-9FF9-473366A947D6}"
EndProject
Global
	GlobalSection(SolutionConfigurationPlatforms) = preSolution
		Debug|Any CPU = Debug|Any CPU
		Release|Any CPU = Release|Any CPU
	EndGlobalSection
	GlobalSection(ProjectConfigurationPlatforms) = postSolution
		{7B4F9286-8E38-4065-9FF9-473366A947D6}.Debug|Any CPU.ActiveCfg = Debug|Any CPU
		{7B4F9286-8E38-4065-9FF9-473366A947D6}.Debug|Any CPU.Build.0 = Debug|Any CPU
		{7B4F9286-8E38-4065-9FF9-473366A947D6}.Release|Any CPU.ActiveCfg = Release|Any CPU
		{7B4F9286-8E38-4065-9FF9-473366A947D6}.Release|Any CPU.Build.0 = Release|Any CPU
	EndGlobalSection
	GlobalSection(SolutionProperties) = preSolution
		HideSolutionNode = FALSE
	EndGlobalSection
	GlobalSection(ExtensibilityGlobals) = postSolution
		SolutionGuid = {70F05CB0-F141-47C3-A63F-F8876A1F3E6B}
	EndGlobalSection
EndGlobal
